
Microsoft Visual Studio Solution File, Format Version 12.00
# Visual Studio Version 17
VisualStudioVersion = 17.9.34622.214
MinimumVisualStudioVersion = 10.0.40219.1
Project("{FAE04EC0-301F-11D3-BF4B-00C04F79EFBC}") = "NerdBlazor", "NerdBlazor\NerdBlazor\NerdBlazor.csproj", "{463F4DDC-F604-4767-B7FB-A0D1A32AD890}"
EndProject
Project("{FAE04EC0-301F-11D3-BF4B-00C04F79EFBC}") = "NerdBlazor.Client", "NerdBlazor\NerdBlazor.Client\NerdBlazor.Client.csproj", "{8D343A55-833B-4A62-A429-797E888E7406}"
EndProject
Global
	GlobalSection(SolutionConfigurationPlatforms) = preSolution
		Debug|Any CPU = Debug|Any CPU
		Release|Any CPU = Release|Any CPU
	EndGlobalSection
	GlobalSection(ProjectConfigurationPlatforms) = postSolution
		{463F4DDC-F604-4767-B7FB-A0D1A32AD890}.Debug|Any CPU.ActiveCfg = Debug|Any CPU
		{463F4DDC-F604-4767-B7FB-A0D1A32AD890}.Debug|Any CPU.Build.0 = Debug|Any CPU
		{463F4DDC-F604-4767-B7FB-A0D1A32AD890}.Release|Any CPU.ActiveCfg = Release|Any CPU
		{463F4DDC-F604-4767-B7FB-A0D1A32AD890}.Release|Any CPU.Build.0 = Release|Any CPU
		{8D343A55-833B-4A62-A429-797E888E7406}.Debug|Any CPU.ActiveCfg = Debug|Any CPU
		{8D343A55-833B-4A62-A429-797E888E7406}.Debug|Any CPU.Build.0 = Debug|Any CPU
		{8D343A55-833B-4A62-A429-797E888E7406}.Release|Any CPU.ActiveCfg = Release|Any CPU
		{8D343A55-833B-4A62-A429-797E888E7406}.Release|Any CPU.Build.0 = Release|Any CPU
	EndGlobalSection
	GlobalSection(SolutionProperties) = preSolution
		HideSolutionNode = FALSE
	EndGlobalSection
	GlobalSection(ExtensibilityGlobals) = postSolution
		SolutionGuid = {BC3AEE03-709D-4DD2-91B7-7EDCAD4BF921}
	EndGlobalSection
EndGlobal
